github.com/nickwells/check.mod/v2 v2.1.10 h1:OSHCxYdF9LLa/09Wth1LHkEaFHFBK62Ah6Uo8WCXbfM=
github.com/nickwells/check.mod/v2 v2.1.10/go.mod h1:7mQeHzBP/hXXLpurLxtYAWC/ObtpST0eYixy10+cTP4=
github.com/nickwells/english.mod v1.1.4 h1:gY8B1DxHgoluXesTKLQ6m3fcmcWnyVq3oyWswozKlmw=
github.com/nickwells/english.mod v1.1.4/go.mod h1:IyeQavDOac+BqnX85asYOUqSzVkCBWg2IDACIs5iQ0M=
github.com/nickwells/filecheck.mod v1.1.20 h1:22aookjLV1NqpkwmauGhx9vqI8W/gmygImKN4lhuQEQ=
github.com/nickwells/filecheck.mod v1.1.20/go.mod h1:K28cY2cNxAkFkY5Na6DYDS3KpbExbPUdYcBsb2PTyp0=
github.com/nickwells/location.mod v1.2.26 h1:kVAXk5yLHaV8qr7RiXyDajegkwc4Ut058WGeZzt4M0E=
github.com/nickwells/location.mod v1.2.26/go.mod h1:xTVSElKdpLGvrAZVD5zCukwe2eAKXQlmYSBJr7MlCOA=
github.com/nickwells/tempus.mod v1.0.2 h1:GzlgNdgp9S0tB1txuB+GKd2leOThl5AKC1Ab9RU39as=
github.com/nickwells/tempus.mod v1.0.2/go.mod h1:88TOSPiO/uNOelvC147jj33phkR+pk5bQKY8TjbyOqE=
github.com/nickwells/testhelper.mod v1.16.0 h1:uh6CATjMyw/ASPdIrF2e4yTfWGYzJHK6RSJrRuZxgK4=
github.com/nickwells/testhelper.mod/v2 v2.2.0 h1:ERFE5p5xwigQ2WiZ5P/co+FTsZY7v3Yu/gVRqAGTbq4=
golang.org/x/exp v0.0.0-20230522175609-2e198f4a06a1 h1:k/i9J1pBpvlfR+9QsetwPyERsqu1GIbi967PQMq3Ivc=
golang.org/x/exp v0.0.0-20230522175609-2e198f4a06a1/go.mod h1:V1LtkGg67GoY2N1AnLN78QLrzxkLyJw7RJb1gzOOz9w=
