github.com/nickwells/check.mod v1.6.0 h1:LOBi2LAwbOCnZ4Nd68ufVyds2+5n3BsuNQzSCcQxkGk=
github.com/nickwells/check.mod v1.6.0/go.mod h1:1p8e8tcVVLJznByh2HiP6CINFBtXYRW1wwoK7sSTrIo=
github.com/nickwells/filecheck.mod v1.0.13 h1:y+5KxOVbNiXv/KM+sk6yuvGALGEGFRxGyn97QC3TSVc=
github.com/nickwells/filecheck.mod v1.0.13/go.mod h1:rJh5fsU8ZuDVHb4wapMPXazvgDi3oK9Zfe9fnZJ73D4=
github.com/nickwells/location.mod v1.2.5 h1:1vI2z1uPi5Ciyhdr5+5d8wvfN3TLrehrEyG4IirrHMA=
github.com/nickwells/location.mod v1.2.5/go.mod h1:XrX0tLOVtpKChCbXbgN50ONEUBV6FqG7rNdrXMnf3kM=
github.com/nickwells/testhelper.mod v1.3.7 h1:JZ5ut/AcF0F44HULeHKxzccq2eZizmfANamEVqjfax4=
github.com/nickwells/testhelper.mod v1.3.7/go.mod h1:Ct/U2PjL0n9hGc+US6uR/s4NxSRI33NM+0ZkrDkG0XI=
